
Microsoft Visual Studio Solution File, Format Version 11.00
# Visual Studio 2010
Project("{FAE04EC0-301F-11D3-BF4B-00C04F79EFBC}") = "Assembly-CSharp-firstpass", "Assembly-CSharp-firstpass.csproj", "{7B0F6206-5103-7909-978D-DB7B0F62E54E}"
EndProject
Project("{FAE04EC0-301F-11D3-BF4B-00C04F79EFBC}") = "Assembly-CSharp-Editor-firstpass", "Assembly-CSharp-Editor-firstpass.csproj", "{4A568E99-6C62-7319-4C4C-C3DBAE9BFA2C}"
EndProject
Global
	GlobalSection(SolutionConfigurationPlatforms) = preSolution
		Debug|Any CPU = Debug|Any CPU
		Release|Any CPU = Release|Any CPU
	EndGlobalSection
	GlobalSection(ProjectConfigurationPlatforms) = postSolution
		{7B0F6206-5103-7909-978D-DB7B0F62E54E}.Debug|Any CPU.ActiveCfg = Debug|Any CPU
		{7B0F6206-5103-7909-978D-DB7B0F62E54E}.Debug|Any CPU.Build.0 = Debug|Any CPU
		{7B0F6206-5103-7909-978D-DB7B0F62E54E}.Release|Any CPU.ActiveCfg = Release|Any CPU
		{7B0F6206-5103-7909-978D-DB7B0F62E54E}.Release|Any CPU.Build.0 = Release|Any CPU
		{4A568E99-6C62-7319-4C4C-C3DBAE9BFA2C}.Debug|Any CPU.ActiveCfg = Debug|Any CPU
		{4A568E99-6C62-7319-4C4C-C3DBAE9BFA2C}.Debug|Any CPU.Build.0 = Debug|Any CPU
		{4A568E99-6C62-7319-4C4C-C3DBAE9BFA2C}.Release|Any CPU.ActiveCfg = Release|Any CPU
		{4A568E99-6C62-7319-4C4C-C3DBAE9BFA2C}.Release|Any CPU.Build.0 = Release|Any CPU
	EndGlobalSection
	GlobalSection(SolutionProperties) = preSolution
		HideSolutionNode = FALSE
	EndGlobalSection
	GlobalSection(MonoDevelopProperties) = preSolution
		StartupItem = Assembly-CSharp.csproj
	EndGlobalSection
EndGlobal
